
Microsoft Visual Studio Solution File, Format Version 12.00
# Visual Studio Version 17
VisualStudioVersion = 17.13.35913.81
MinimumVisualStudioVersion = 10.0.40219.1
Project("{8BC9CEB8-8B4A-11D0-8D11-00A0C91BC942}") = "Lagrange.Core.NativeAPI.C++", "Lagrange.Core.NativeAPI.Cpp.vcxproj", "{01EDCA6B-2F5D-4037-A020-C937B046BA39}"
EndProject
Project("{8BC9CEB8-8B4A-11D0-8D11-00A0C91BC942}") = "Lagrange.Core.NativeAPI.Cpp Test", "..\Langrange.Core.NativeAPI.Cpp Test\Langrange.Core.NativeAPI.Cpp Test.vcxproj", "{51FCE099-1A48-4E93-9BFA-DBFE241050A2}"
EndProject
Global
	GlobalSection(SolutionConfigurationPlatforms) = preSolution
		Debug|x64 = Debug|x64
		Debug|x86 = Debug|x86
		Release|x64 = Release|x64
		Release|x86 = Release|x86
	EndGlobalSection
	GlobalSection(ProjectConfigurationPlatforms) = postSolution
		{01EDCA6B-2F5D-4037-A020-C937B046BA39}.Debug|x64.ActiveCfg = Debug|x64
		{01EDCA6B-2F5D-4037-A020-C937B046BA39}.Debug|x64.Build.0 = Debug|x64
		{01EDCA6B-2F5D-4037-A020-C937B046BA39}.Debug|x86.ActiveCfg = Debug|Win32
		{01EDCA6B-2F5D-4037-A020-C937B046BA39}.Debug|x86.Build.0 = Debug|Win32
		{01EDCA6B-2F5D-4037-A020-C937B046BA39}.Release|x64.ActiveCfg = Release|x64
		{01EDCA6B-2F5D-4037-A020-C937B046BA39}.Release|x64.Build.0 = Release|x64
		{01EDCA6B-2F5D-4037-A020-C937B046BA39}.Release|x86.ActiveCfg = Release|Win32
		{01EDCA6B-2F5D-4037-A020-C937B046BA39}.Release|x86.Build.0 = Release|Win32
		{51FCE099-1A48-4E93-9BFA-DBFE241050A2}.Debug|x64.ActiveCfg = Debug|x64
		{51FCE099-1A48-4E93-9BFA-DBFE241050A2}.Debug|x64.Build.0 = Debug|x64
		{51FCE099-1A48-4E93-9BFA-DBFE241050A2}.Debug|x86.ActiveCfg = Debug|Win32
		{51FCE099-1A48-4E93-9BFA-DBFE241050A2}.Debug|x86.Build.0 = Debug|Win32
		{51FCE099-1A48-4E93-9BFA-DBFE241050A2}.Release|x64.ActiveCfg = Release|x64
		{51FCE099-1A48-4E93-9BFA-DBFE241050A2}.Release|x64.Build.0 = Release|x64
		{51FCE099-1A48-4E93-9BFA-DBFE241050A2}.Release|x86.ActiveCfg = Release|Win32
		{51FCE099-1A48-4E93-9BFA-DBFE241050A2}.Release|x86.Build.0 = Release|Win32
	EndGlobalSection
	GlobalSection(SolutionProperties) = preSolution
		HideSolutionNode = FALSE
	EndGlobalSection
	GlobalSection(ExtensibilityGlobals) = postSolution
		SolutionGuid = {421D8AB1-DED4-43DC-8FC5-AD9219C29D5F}
	EndGlobalSection
EndGlobal
